
Microsoft Visual Studio Solution File, Format Version 12.00
# Visual Studio Version 17
VisualStudioVersion = 17.9.34622.214
MinimumVisualStudioVersion = 10.0.40219.1
Project("{FAE04EC0-301F-11D3-BF4B-00C04F79EFBC}") = "ImageGallery", "ImageGallery.csproj", "{476A582A-CD62-487E-89E7-F210FF6FC69D}"
EndProject
Global
	GlobalSection(SolutionConfigurationPlatforms) = preSolution
		Debug|Any CPU = Debug|Any CPU
		Release|Any CPU = Release|Any CPU
	EndGlobalSection
	GlobalSection(ProjectConfigurationPlatforms) = postSolution
		{476A582A-CD62-487E-89E7-F210FF6FC69D}.Debug|Any CPU.ActiveCfg = Debug|Any CPU
		{476A582A-CD62-487E-89E7-F210FF6FC69D}.Debug|Any CPU.Build.0 = Debug|Any CPU
		{476A582A-CD62-487E-89E7-F210FF6FC69D}.Release|Any CPU.ActiveCfg = Release|Any CPU
		{476A582A-CD62-487E-89E7-F210FF6FC69D}.Release|Any CPU.Build.0 = Release|Any CPU
	EndGlobalSection
	GlobalSection(SolutionProperties) = preSolution
		HideSolutionNode = FALSE
	EndGlobalSection
	GlobalSection(ExtensibilityGlobals) = postSolution
		SolutionGuid = {E6BF383C-D9E0-4EDE-B24D-30699C627ED6}
	EndGlobalSection
EndGlobal
